
Microsoft Visual Studio Solution File, Format Version 12.00
Project("{2150E333-8FDC-42A3-9474-1A3956D46DE8}") = "Src", "Src", "{1DAFC14C-BB27-4A4E-8D71-5D3C6F371A57}"
EndProject
Project("{2150E333-8FDC-42A3-9474-1A3956D46DE8}") = "Docs", "Docs", "{5E46468E-0546-4FC5-B142-C4A8A2AD17DD}"
EndProject
Project("{2150E333-8FDC-42A3-9474-1A3956D46DE8}") = "Tests", "Tests", "{AFAE635A-57F0-4937-8F68-D6A75E059B68}"
EndProject
Project("{2150E333-8FDC-42A3-9474-1A3956D46DE8}") = "Solution Items", "Solution Items", "{CB8CE1CD-BB2C-4C0B-94A8-DE4DB42E2817}"
EndProject
Project("{2150E333-8FDC-42A3-9474-1A3956D46DE8}") = "Core", "Core", "{FE575E1B-0133-4F3E-B596-74E0BCD2ADC4}"
EndProject
Project("{FAE04EC0-301F-11D3-BF4B-00C04F79EFBC}") = "Store.Domain", "Store.Domain\Store.Domain.csproj", "{843E39CA-32EB-4A32-9B64-2B608A3B0A31}"
EndProject
Project("{FAE04EC0-301F-11D3-BF4B-00C04F79EFBC}") = "Store.Application", "Store.Application\Store.Application.csproj", "{0F770839-7D36-4889-8636-B474EE8060FC}"
EndProject
Project("{2150E333-8FDC-42A3-9474-1A3956D46DE8}") = "Infrastructure", "Infrastructure", "{4EC93B59-D394-4A2C-A09F-F6FEE8329901}"
EndProject
Project("{FAE04EC0-301F-11D3-BF4B-00C04F79EFBC}") = "Store.Persistence", "Store.Persistence\Store.Persistence.csproj", "{F26A6E3A-D0D2-4651-A920-BB0E3B49E76E}"
EndProject
Project("{FAE04EC0-301F-11D3-BF4B-00C04F79EFBC}") = "Store.Infrastructure", "Store.Infrastructure\Store.Infrastructure.csproj", "{C1A70CE1-2A63-47EB-A894-90DB88121293}"
EndProject
Project("{2150E333-8FDC-42A3-9474-1A3956D46DE8}") = "Presentation", "Presentation", "{43B38BF6-EB7C-4AC2-B3EE-EB1882EE7399}"
EndProject
Project("{FAE04EC0-301F-11D3-BF4B-00C04F79EFBC}") = "Site.EndPoint", "Site.EndPoint\Site.EndPoint.csproj", "{7E0B420C-AADD-48D6-B7A8-8F57B459E3A5}"
EndProject
Global
	GlobalSection(SolutionConfigurationPlatforms) = preSolution
		Debug|Any CPU = Debug|Any CPU
		Release|Any CPU = Release|Any CPU
	EndGlobalSection
	GlobalSection(NestedProjects) = preSolution
		{FE575E1B-0133-4F3E-B596-74E0BCD2ADC4} = {1DAFC14C-BB27-4A4E-8D71-5D3C6F371A57}
		{843E39CA-32EB-4A32-9B64-2B608A3B0A31} = {FE575E1B-0133-4F3E-B596-74E0BCD2ADC4}
		{0F770839-7D36-4889-8636-B474EE8060FC} = {FE575E1B-0133-4F3E-B596-74E0BCD2ADC4}
		{4EC93B59-D394-4A2C-A09F-F6FEE8329901} = {1DAFC14C-BB27-4A4E-8D71-5D3C6F371A57}
		{F26A6E3A-D0D2-4651-A920-BB0E3B49E76E} = {4EC93B59-D394-4A2C-A09F-F6FEE8329901}
		{C1A70CE1-2A63-47EB-A894-90DB88121293} = {4EC93B59-D394-4A2C-A09F-F6FEE8329901}
		{43B38BF6-EB7C-4AC2-B3EE-EB1882EE7399} = {1DAFC14C-BB27-4A4E-8D71-5D3C6F371A57}
		{7E0B420C-AADD-48D6-B7A8-8F57B459E3A5} = {43B38BF6-EB7C-4AC2-B3EE-EB1882EE7399}
	EndGlobalSection
	GlobalSection(ProjectConfigurationPlatforms) = postSolution
		{843E39CA-32EB-4A32-9B64-2B608A3B0A31}.Debug|Any CPU.ActiveCfg = Debug|Any CPU
		{843E39CA-32EB-4A32-9B64-2B608A3B0A31}.Debug|Any CPU.Build.0 = Debug|Any CPU
		{843E39CA-32EB-4A32-9B64-2B608A3B0A31}.Release|Any CPU.ActiveCfg = Release|Any CPU
		{843E39CA-32EB-4A32-9B64-2B608A3B0A31}.Release|Any CPU.Build.0 = Release|Any CPU
		{0F770839-7D36-4889-8636-B474EE8060FC}.Debug|Any CPU.ActiveCfg = Debug|Any CPU
		{0F770839-7D36-4889-8636-B474EE8060FC}.Debug|Any CPU.Build.0 = Debug|Any CPU
		{0F770839-7D36-4889-8636-B474EE8060FC}.Release|Any CPU.ActiveCfg = Release|Any CPU
		{0F770839-7D36-4889-8636-B474EE8060FC}.Release|Any CPU.Build.0 = Release|Any CPU
		{F26A6E3A-D0D2-4651-A920-BB0E3B49E76E}.Debug|Any CPU.ActiveCfg = Debug|Any CPU
		{F26A6E3A-D0D2-4651-A920-BB0E3B49E76E}.Debug|Any CPU.Build.0 = Debug|Any CPU
		{F26A6E3A-D0D2-4651-A920-BB0E3B49E76E}.Release|Any CPU.ActiveCfg = Release|Any CPU
		{F26A6E3A-D0D2-4651-A920-BB0E3B49E76E}.Release|Any CPU.Build.0 = Release|Any CPU
		{C1A70CE1-2A63-47EB-A894-90DB88121293}.Debug|Any CPU.ActiveCfg = Debug|Any CPU
		{C1A70CE1-2A63-47EB-A894-90DB88121293}.Debug|Any CPU.Build.0 = Debug|Any CPU
		{C1A70CE1-2A63-47EB-A894-90DB88121293}.Release|Any CPU.ActiveCfg = Release|Any CPU
		{C1A70CE1-2A63-47EB-A894-90DB88121293}.Release|Any CPU.Build.0 = Release|Any CPU
		{7E0B420C-AADD-48D6-B7A8-8F57B459E3A5}.Debug|Any CPU.ActiveCfg = Debug|Any CPU
		{7E0B420C-AADD-48D6-B7A8-8F57B459E3A5}.Debug|Any CPU.Build.0 = Debug|Any CPU
		{7E0B420C-AADD-48D6-B7A8-8F57B459E3A5}.Release|Any CPU.ActiveCfg = Release|Any CPU
		{7E0B420C-AADD-48D6-B7A8-8F57B459E3A5}.Release|Any CPU.Build.0 = Release|Any CPU
	EndGlobalSection
EndGlobal
